// !$*UTF8*$!
{
	archiveVersion = 1;
	classes = {
	};
	objectVersion = 56;
	objects = {

/* Begin PBXBuildFile section */
		183025742AE46C5100230944 /* WikiDataManager.swift in Sources */ = {isa = PBXBuildFile; fileRef = 183025732AE46C5100230944 /* WikiDataManager.swift */; };
		184F83DB2AE3E19B00F5C59B /* AppDelegate.swift in Sources */ = {isa = PBXBuildFile; fileRef = 184F83DA2AE3E19B00F5C59B /* AppDelegate.swift */; };
		184F83DD2AE3E19B00F5C59B /* SceneDelegate.swift in Sources */ = {isa = PBXBuildFile; fileRef = 184F83DC2AE3E19B00F5C59B /* SceneDelegate.swift */; };
		184F83DF2AE3E19B00F5C59B /* ViewController.swift in Sources */ = {isa = PBXBuildFile; fileRef = 184F83DE2AE3E19B00F5C59B /* ViewController.swift */; };
		184F83E22AE3E19B00F5C59B /* Main.storyboard in Resources */ = {isa = PBXBuildFile; fileRef = 184F83E02AE3E19B00F5C59B /* Main.storyboard */; };
		184F83E42AE3E19D00F5C59B /* Assets.xcassets in Resources */ = {isa = PBXBuildFile; fileRef = 184F83E32AE3E19D00F5C59B /* Assets.xcassets */; };
		184F83E72AE3E19D00F5C59B /* LaunchScreen.storyboard in Resources */ = {isa = PBXBuildFile; fileRef = 184F83E52AE3E19D00F5C59B /* LaunchScreen.storyboard */; };
		184F83F12AE40BE900F5C59B /* FlowerClassifier.mlmodel in Sources */ = {isa = PBXBuildFile; fileRef = 184F83F02AE40BE900F5C59B /* FlowerClassifier.mlmodel */; };
		189414C82AE51CAA00DF8570 /* WikiData.swift in Sources */ = {isa = PBXBuildFile; fileRef = 189414C72AE51CAA00DF8570 /* WikiData.swift */; };
		189414CA2AE528CD00DF8570 /* WikiDataAccess.swift in Sources */ = {isa = PBXBuildFile; fileRef = 189414C92AE528CD00DF8570 /* WikiDataAccess.swift */; };
		189414CC2AE52CB600DF8570 /* WikiDataDelegate.swift in Sources */ = {isa = PBXBuildFile; fileRef = 189414CB2AE52CB600DF8570 /* WikiDataDelegate.swift */; };
		189414CE2AE546CC00DF8570 /* ShowDataViewController.swift in Sources */ = {isa = PBXBuildFile; fileRef = 189414CD2AE546CC00DF8570 /* ShowDataViewController.swift */; };
		189414D02AE548A800DF8570 /* Constants.swift in Sources */ = {isa = PBXBuildFile; fileRef = 189414CF2AE548A800DF8570 /* Constants.swift */; };
		18E48D1B2AE7CF9E0064D3F6 /* MyFlowersViewController.swift in Sources */ = {isa = PBXBuildFile; fileRef = 18E48D1A2AE7CF9E0064D3F6 /* MyFlowersViewController.swift */; };
		18E48D1E2AE7D03A0064D3F6 /* FlowerViewCell.swift in Sources */ = {isa = PBXBuildFile; fileRef = 18E48D1C2AE7D03A0064D3F6 /* FlowerViewCell.swift */; };
		18E48D212AE7D7280064D3F6 /* FlowerData.swift in Sources */ = {isa = PBXBuildFile; fileRef = 18E48D202AE7D7280064D3F6 /* FlowerData.swift */; };
		18E48D2B2AE7EF880064D3F6 /* FlowerViewCell.xib in Resources */ = {isa = PBXBuildFile; fileRef = 18E48D292AE7EF880064D3F6 /* FlowerViewCell.xib */; };
		CF995AA5BE5F24CF0307ABB2 /* Pods_Flowify.framework in Frameworks */ = {isa = PBXBuildFile; fileRef = D855FD028AE9538A30C006D6 /* Pods_Flowify.framework */; };
/* End PBXBuildFile section */

/* Begin PBXFileReference section */
		183025732AE46C5100230944 /* WikiDataManager.swift */ = {isa = PBXFileReference; lastKnownFileType = sourcecode.swift; path = WikiDataManager.swift; sourceTree = "<group>"; };
		184F83D72AE3E19B00F5C59B /* Flowify.app */ = {isa = PBXFileReference; explicitFileType = wrapper.application; includeInIndex = 0; path = Flowify.app; sourceTree = BUILT_PRODUCTS_DIR; };
		184F83DA2AE3E19B00F5C59B /* AppDelegate.swift */ = {isa = PBXFileReference; lastKnownFileType = sourcecode.swift; path = AppDelegate.swift; sourceTree = "<group>"; };
		184F83DC2AE3E19B00F5C59B /* SceneDelegate.swift */ = {isa = PBXFileReference; lastKnownFileType = sourcecode.swift; path = SceneDelegate.swift; sourceTree = "<group>"; };
		184F83DE2AE3E19B00F5C59B /* ViewController.swift */ = {isa = PBXFileReference; lastKnownFileType = sourcecode.swift; path = ViewController.swift; sourceTree = "<group>"; };
		184F83E12AE3E19B00F5C59B /* Base */ = {isa = PBXFileReference; lastKnownFileType = file.storyboard; name = Base; path = Base.lproj/Main.storyboard; sourceTree = "<group>"; };
		184F83E32AE3E19D00F5C59B /* Assets.xcassets */ = {isa = PBXFileReference; lastKnownFileType = folder.assetcatalog; path = Assets.xcassets; sourceTree = "<group>"; };
		184F83E62AE3E19D00F5C59B /* Base */ = {isa = PBXFileReference; lastKnownFileType = file.storyboard; name = Base; path = Base.lproj/LaunchScreen.storyboard; sourceTree = "<group>"; };
		184F83E82AE3E19D00F5C59B /* Info.plist */ = {isa = PBXFileReference; lastKnownFileType = text.plist.xml; path = Info.plist; sourceTree = "<group>"; };
		184F83F02AE40BE900F5C59B /* FlowerClassifier.mlmodel */ = {isa = PBXFileReference; lastKnownFileType = file.mlmodel; path = FlowerClassifier.mlmodel; sourceTree = "<group>"; };
		189414C72AE51CAA00DF8570 /* WikiData.swift */ = {isa = PBXFileReference; lastKnownFileType = sourcecode.swift; path = WikiData.swift; sourceTree = "<group>"; };
		189414C92AE528CD00DF8570 /* WikiDataAccess.swift */ = {isa = PBXFileReference; lastKnownFileType = sourcecode.swift; path = WikiDataAccess.swift; sourceTree = "<group>"; };
		189414CB2AE52CB600DF8570 /* WikiDataDelegate.swift */ = {isa = PBXFileReference; lastKnownFileType = sourcecode.swift; path = WikiDataDelegate.swift; sourceTree = "<group>"; };
		189414CD2AE546CC00DF8570 /* ShowDataViewController.swift */ = {isa = PBXFileReference; lastKnownFileType = sourcecode.swift; path = ShowDataViewController.swift; sourceTree = "<group>"; };
		189414CF2AE548A800DF8570 /* Constants.swift */ = {isa = PBXFileReference; lastKnownFileType = sourcecode.swift; path = Constants.swift; sourceTree = "<group>"; };
		18E48D1A2AE7CF9E0064D3F6 /* MyFlowersViewController.swift */ = {isa = PBXFileReference; lastKnownFileType = sourcecode.swift; path = MyFlowersViewController.swift; sourceTree = "<group>"; };
		18E48D1C2AE7D03A0064D3F6 /* FlowerViewCell.swift */ = {isa = PBXFileReference; lastKnownFileType = sourcecode.swift; path = FlowerViewCell.swift; sourceTree = "<group>"; };
		18E48D202AE7D7280064D3F6 /* FlowerData.swift */ = {isa = PBXFileReference; lastKnownFileType = sourcecode.swift; path = FlowerData.swift; sourceTree = "<group>"; };
		18E48D292AE7EF880064D3F6 /* FlowerViewCell.xib */ = {isa = PBXFileReference; lastKnownFileType = file.xib; path = FlowerViewCell.xib; sourceTree = "<group>"; };
		A50635CDF74951343D9FCA31 /* Pods-Flowify.debug.xcconfig */ = {isa = PBXFileReference; includeInIndex = 1; lastKnownFileType = text.xcconfig; name = "Pods-Flowify.debug.xcconfig"; path = "Target Support Files/Pods-Flowify/Pods-Flowify.debug.xcconfig"; sourceTree = "<group>"; };
		D710BF2FB3EE45881DDE0EAD /* Pods-Flowify.release.xcconfig */ = {isa = PBXFileReference; includeInIndex = 1; lastKnownFileType = text.xcconfig; name = "Pods-Flowify.release.xcconfig"; path = "Target Support Files/Pods-Flowify/Pods-Flowify.release.xcconfig"; sourceTree = "<group>"; };
		D855FD028AE9538A30C006D6 /* Pods_Flowify.framework */ = {isa = PBXFileReference; explicitFileType = wrapper.framework; includeInIndex = 0; path = Pods_Flowify.framework; sourceTree = BUILT_PRODUCTS_DIR; };
/* End PBXFileReference section */

/* Begin PBXFrameworksBuildPhase section */
		184F83D42AE3E19B00F5C59B /* Frameworks */ = {
			isa = PBXFrameworksBuildPhase;
			buildActionMask = 2147483647;
			files = (
				CF995AA5BE5F24CF0307ABB2 /* Pods_Flowify.framework in Frameworks */,
			);
			runOnlyForDeploymentPostprocessing = 0;
		};
/* End PBXFrameworksBuildPhase section */

/* Begin PBXGroup section */
		183025722AE46C3500230944 /* Model */ = {
			isa = PBXGroup;
			children = (
				183025732AE46C5100230944 /* WikiDataManager.swift */,
				189414C72AE51CAA00DF8570 /* WikiData.swift */,
				189414C92AE528CD00DF8570 /* WikiDataAccess.swift */,
				189414CB2AE52CB600DF8570 /* WikiDataDelegate.swift */,
				18E48D202AE7D7280064D3F6 /* FlowerData.swift */,
			);
			path = Model;
			sourceTree = "<group>";
		};
		184F83CE2AE3E19B00F5C59B = {
			isa = PBXGroup;
			children = (
				184F83D92AE3E19B00F5C59B /* Flowify */,
				184F83D82AE3E19B00F5C59B /* Products */,
				3BE2201BF41D910507FBF305 /* Pods */,
				D34DF51FCA28056B5CED1D67 /* Frameworks */,
			);
			sourceTree = "<group>";
		};
		184F83D82AE3E19B00F5C59B /* Products */ = {
			isa = PBXGroup;
			children = (
				184F83D72AE3E19B00F5C59B /* Flowify.app */,
			);
			name = Products;
			sourceTree = "<group>";
		};
		184F83D92AE3E19B00F5C59B /* Flowify */ = {
			isa = PBXGroup;
			children = (
				184F83DA2AE3E19B00F5C59B /* AppDelegate.swift */,
				184F83DC2AE3E19B00F5C59B /* SceneDelegate.swift */,
				183025722AE46C3500230944 /* Model */,
				184F83EF2AE3E46900F5C59B /* Controller */,
				184F83EE2AE3E45F00F5C59B /* View */,
				184F83E32AE3E19D00F5C59B /* Assets.xcassets */,
				184F83E52AE3E19D00F5C59B /* LaunchScreen.storyboard */,
				184F83F02AE40BE900F5C59B /* FlowerClassifier.mlmodel */,
				184F83E82AE3E19D00F5C59B /* Info.plist */,
				189414CF2AE548A800DF8570 /* Constants.swift */,
			);
			path = Flowify;
			sourceTree = "<group>";
		};
		184F83EE2AE3E45F00F5C59B /* View */ = {
			isa = PBXGroup;
			children = (
				184F83E02AE3E19B00F5C59B /* Main.storyboard */,
				18E48D1C2AE7D03A0064D3F6 /* FlowerViewCell.swift */,
				18E48D292AE7EF880064D3F6 /* FlowerViewCell.xib */,
			);
			path = View;
			sourceTree = "<group>";
		};
		184F83EF2AE3E46900F5C59B /* Controller */ = {
			isa = PBXGroup;
			children = (
				184F83DE2AE3E19B00F5C59B /* ViewController.swift */,
				189414CD2AE546CC00DF8570 /* ShowDataViewController.swift */,
				18E48D1A2AE7CF9E0064D3F6 /* MyFlowersViewController.swift */,
			);
			path = Controller;
			sourceTree = "<group>";
		};
		3BE2201BF41D910507FBF305 /* Pods */ = {
			isa = PBXGroup;
			children = (
				A50635CDF74951343D9FCA31 /* Pods-Flowify.debug.xcconfig */,
				D710BF2FB3EE45881DDE0EAD /* Pods-Flowify.release.xcconfig */,
			);
			path = Pods;
			sourceTree = "<group>";
		};
		D34DF51FCA28056B5CED1D67 /* Frameworks */ = {
			isa = PBXGroup;
			children = (
				D855FD028AE9538A30C006D6 /* Pods_Flowify.framework */,
			);
			name = Frameworks;
			sourceTree = "<group>";
		};
/* End PBXGroup section */

/* Begin PBXNativeTarget section */
		184F83D62AE3E19B00F5C59B /* Flowify */ = {
			isa = PBXNativeTarget;
			buildConfigurationList = 184F83EB2AE3E19D00F5C59B /* Build configuration list for PBXNativeTarget "Flowify" */;
			buildPhases = (
				826B68BDCB33C2675EDDD273 /* [CP] Check Pods Manifest.lock */,
				184F83D32AE3E19B00F5C59B /* Sources */,
				184F83D42AE3E19B00F5C59B /* Frameworks */,
				184F83D52AE3E19B00F5C59B /* Resources */,
				3F4EE37A2E6057828F88AB12 /* [CP] Embed Pods Frameworks */,
			);
			buildRules = (
			);
			dependencies = (
			);
			name = Flowify;
			productName = Flowify;
			productReference = 184F83D72AE3E19B00F5C59B /* Flowify.app */;
			productType = "com.apple.product-type.application";
		};
/* End PBXNativeTarget section */

/* Begin PBXProject section */
		184F83CF2AE3E19B00F5C59B /* Project object */ = {
			isa = PBXProject;
			attributes = {
				BuildIndependentTargetsInParallel = 1;
				LastSwiftUpdateCheck = 1430;
				LastUpgradeCheck = 1430;
				TargetAttributes = {
					184F83D62AE3E19B00F5C59B = {
						CreatedOnToolsVersion = 14.3.1;
					};
				};
			};
			buildConfigurationList = 184F83D22AE3E19B00F5C59B /* Build configuration list for PBXProject "Flowify" */;
			compatibilityVersion = "Xcode 14.0";
			developmentRegion = en;
			hasScannedForEncodings = 0;
			knownRegions = (
				en,
				Base,
			);
			mainGroup = 184F83CE2AE3E19B00F5C59B;
			productRefGroup = 184F83D82AE3E19B00F5C59B /* Products */;
			projectDirPath = "";
			projectRoot = "";
			targets = (
				184F83D62AE3E19B00F5C59B /* Flowify */,
			);
		};
/* End PBXProject section */

/* Begin PBXResourcesBuildPhase section */
		184F83D52AE3E19B00F5C59B /* Resources */ = {
			isa = PBXResourcesBuildPhase;
			buildActionMask = 2147483647;
			files = (
				184F83E72AE3E19D00F5C59B /* LaunchScreen.storyboard in Resources */,
				184F83E42AE3E19D00F5C59B /* Assets.xcassets in Resources */,
				18E48D2B2AE7EF880064D3F6 /* FlowerViewCell.xib in Resources */,
				184F83E22AE3E19B00F5C59B /* Main.storyboard in Resources */,
			);
			runOnlyForDeploymentPostprocessing = 0;
		};
/* End PBXResourcesBuildPhase section */

/* Begin PBXShellScriptBuildPhase section */
		3F4EE37A2E6057828F88AB12 /* [CP] Embed Pods Frameworks */ = {
			isa = PBXShellScriptBuildPhase;
			buildActionMask = 2147483647;
			files = (
			);
			inputFileListPaths = (
				"${PODS_ROOT}/Target Support Files/Pods-Flowify/Pods-Flowify-frameworks-${CONFIGURATION}-input-files.xcfilelist",
			);
			name = "[CP] Embed Pods Frameworks";
			outputFileListPaths = (
				"${PODS_ROOT}/Target Support Files/Pods-Flowify/Pods-Flowify-frameworks-${CONFIGURATION}-output-files.xcfilelist",
			);
			runOnlyForDeploymentPostprocessing = 0;
			shellPath = /bin/sh;
			shellScript = "\"${PODS_ROOT}/Target Support Files/Pods-Flowify/Pods-Flowify-frameworks.sh\"\n";
			showEnvVarsInLog = 0;
		};
		826B68BDCB33C2675EDDD273 /* [CP] Check Pods Manifest.lock */ = {
			isa = PBXShellScriptBuildPhase;
			buildActionMask = 2147483647;
			files = (
			);
			inputFileListPaths = (
			);
			inputPaths = (
				"${PODS_PODFILE_DIR_PATH}/Podfile.lock",
				"${PODS_ROOT}/Manifest.lock",
			);
			name = "[CP] Check Pods Manifest.lock";
			outputFileListPaths = (
			);
			outputPaths = (
				"$(DERIVED_FILE_DIR)/Pods-Flowify-checkManifestLockResult.txt",
			);
			runOnlyForDeploymentPostprocessing = 0;
			shellPath = /bin/sh;
			shellScript = "diff \"${PODS_PODFILE_DIR_PATH}/Podfile.lock\" \"${PODS_ROOT}/Manifest.lock\" > /dev/null\nif [ $? != 0 ] ; then\n    # print error to STDERR\n    echo \"error: The sandbox is not in sync with the Podfile.lock. Run 'pod install' or update your CocoaPods installation.\" >&2\n    exit 1\nfi\n# This output is used by Xcode 'outputs' to avoid re-running this script phase.\necho \"SUCCESS\" > \"${SCRIPT_OUTPUT_FILE_0}\"\n";
			showEnvVarsInLog = 0;
		};
/* End PBXShellScriptBuildPhase section */

/* Begin PBXSourcesBuildPhase section */
		184F83D32AE3E19B00F5C59B /* Sources */ = {
			isa = PBXSourcesBuildPhase;
			buildActionMask = 2147483647;
			files = (
				184F83F12AE40BE900F5C59B /* FlowerClassifier.mlmodel in Sources */,
				184F83DF2AE3E19B00F5C59B /* ViewController.swift in Sources */,
				189414CC2AE52CB600DF8570 /* WikiDataDelegate.swift in Sources */,
				189414CA2AE528CD00DF8570 /* WikiDataAccess.swift in Sources */,
				184F83DB2AE3E19B00F5C59B /* AppDelegate.swift in Sources */,
				18E48D1E2AE7D03A0064D3F6 /* FlowerViewCell.swift in Sources */,
				189414D02AE548A800DF8570 /* Constants.swift in Sources */,
				184F83DD2AE3E19B00F5C59B /* SceneDelegate.swift in Sources */,
				18E48D212AE7D7280064D3F6 /* FlowerData.swift in Sources */,
				183025742AE46C5100230944 /* WikiDataManager.swift in Sources */,
				18E48D1B2AE7CF9E0064D3F6 /* MyFlowersViewController.swift in Sources */,
				189414CE2AE546CC00DF8570 /* ShowDataViewController.swift in Sources */,
				189414C82AE51CAA00DF8570 /* WikiData.swift in Sources */,
			);
			runOnlyForDeploymentPostprocessing = 0;
		};
/* End PBXSourcesBuildPhase section */

/* Begin PBXVariantGroup section */
		184F83E02AE3E19B00F5C59B /* Main.storyboard */ = {
			isa = PBXVariantGroup;
			children = (
				184F83E12AE3E19B00F5C59B /* Base */,
			);
			name = Main.storyboard;
			sourceTree = "<group>";
		};
		184F83E52AE3E19D00F5C59B /* LaunchScreen.storyboard */ = {
			isa = PBXVariantGroup;
			children = (
				184F83E62AE3E19D00F5C59B /* Base */,
			);
			name = LaunchScreen.storyboard;
			sourceTree = "<group>";
		};
/* End PBXVariantGroup section */

/* Begin XCBuildConfiguration section */
		184F83E92AE3E19D00F5C59B /* Debug */ = {
			isa = XCBuildConfiguration;
			buildSettings = {
				ALWAYS_SEARCH_USER_PATHS = NO;
				CLANG_ANALYZER_NONNULL = YES;
				CLANG_ANALYZER_NUMBER_OBJECT_CONVERSION = YES_AGGRESSIVE;
				CLANG_CXX_LANGUAGE_STANDARD = "gnu++20";
				CLANG_ENABLE_MODULES = YES;
				CLANG_ENABLE_OBJC_ARC = YES;
				CLANG_ENABLE_OBJC_WEAK = YES;
				CLANG_WARN_BLOCK_CAPTURE_AUTORELEASING = YES;
				CLANG_WARN_BOOL_CONVERSION = YES;
				CLANG_WARN_COMMA = YES;
				CLANG_WARN_CONSTANT_CONVERSION = YES;
				CLANG_WARN_DEPRECATED_OBJC_IMPLEMENTATIONS = YES;
				CLANG_WARN_DIRECT_OBJC_ISA_USAGE = YES_ERROR;
				CLANG_WARN_DOCUMENTATION_COMMENTS = YES;
				CLANG_WARN_EMPTY_BODY = YES;
				CLANG_WARN_ENUM_CONVERSION = YES;
				CLANG_WARN_INFINITE_RECURSION = YES;
				CLANG_WARN_INT_CONVERSION = YES;
				CLANG_WARN_NON_LITERAL_NULL_CONVERSION = YES;
				CLANG_WARN_OBJC_IMPLICIT_RETAIN_SELF = YES;
				CLANG_WARN_OBJC_LITERAL_CONVERSION = YES;
				CLANG_WARN_OBJC_ROOT_CLASS = YES_ERROR;
				CLANG_WARN_QUOTED_INCLUDE_IN_FRAMEWORK_HEADER = YES;
				CLANG_WARN_RANGE_LOOP_ANALYSIS = YES;
				CLANG_WARN_STRICT_PROTOTYPES = YES;
				CLANG_WARN_SUSPICIOUS_MOVE = YES;
				CLANG_WARN_UNGUARDED_AVAILABILITY = YES_AGGRESSIVE;
				CLANG_WARN_UNREACHABLE_CODE = YES;
				CLANG_WARN__DUPLICATE_METHOD_MATCH = YES;
				COPY_PHASE_STRIP = NO;
				DEBUG_INFORMATION_FORMAT = dwarf;
				ENABLE_STRICT_OBJC_MSGSEND = YES;
				ENABLE_TESTABILITY = YES;
				GCC_C_LANGUAGE_STANDARD = gnu11;
				GCC_DYNAMIC_NO_PIC = NO;
				GCC_NO_COMMON_BLOCKS = YES;
				GCC_OPTIMIZATION_LEVEL = 0;
				GCC_PREPROCESSOR_DEFINITIONS = (
					"DEBUG=1",
					"$(inherited)",
				);
				GCC_WARN_64_TO_32_BIT_CONVERSION = YES;
				GCC_WARN_ABOUT_RETURN_TYPE = YES_ERROR;
				GCC_WARN_UNDECLARED_SELECTOR = YES;
				GCC_WARN_UNINITIALIZED_AUTOS = YES_AGGRESSIVE;
				GCC_WARN_UNUSED_FUNCTION = YES;
				GCC_WARN_UNUSED_VARIABLE = YES;
				IPHONEOS_DEPLOYMENT_TARGET = 16.4;
				MTL_ENABLE_DEBUG_INFO = INCLUDE_SOURCE;
				MTL_FAST_MATH = YES;
				ONLY_ACTIVE_ARCH = YES;
				SDKROOT = iphoneos;
				SWIFT_ACTIVE_COMPILATION_CONDITIONS = DEBUG;
				SWIFT_OPTIMIZATION_LEVEL = "-Onone";
			};
			name = Debug;
		};
		184F83EA2AE3E19D00F5C59B /* Release */ = {
			isa = XCBuildConfiguration;
			buildSettings = {
				ALWAYS_SEARCH_USER_PATHS = NO;
				CLANG_ANALYZER_NONNULL = YES;
				CLANG_ANALYZER_NUMBER_OBJECT_CONVERSION = YES_AGGRESSIVE;
				CLANG_CXX_LANGUAGE_STANDARD = "gnu++20";
				CLANG_ENABLE_MODULES = YES;
				CLANG_ENABLE_OBJC_ARC = YES;
				CLANG_ENABLE_OBJC_WEAK = YES;
				CLANG_WARN_BLOCK_CAPTURE_AUTORELEASING = YES;
				CLANG_WARN_BOOL_CONVERSION = YES;
				CLANG_WARN_COMMA = YES;
				CLANG_WARN_CONSTANT_CONVERSION = YES;
				CLANG_WARN_DEPRECATED_OBJC_IMPLEMENTATIONS = YES;
				CLANG_WARN_DIRECT_OBJC_ISA_USAGE = YES_ERROR;
				CLANG_WARN_DOCUMENTATION_COMMENTS = YES;
				CLANG_WARN_EMPTY_BODY = YES;
				CLANG_WARN_ENUM_CONVERSION = YES;
				CLANG_WARN_INFINITE_RECURSION = YES;
				CLANG_WARN_INT_CONVERSION = YES;
				CLANG_WARN_NON_LITERAL_NULL_CONVERSION = YES;
				CLANG_WARN_OBJC_IMPLICIT_RETAIN_SELF = YES;
				CLANG_WARN_OBJC_LITERAL_CONVERSION = YES;
				CLANG_WARN_OBJC_ROOT_CLASS = YES_ERROR;
				CLANG_WARN_QUOTED_INCLUDE_IN_FRAMEWORK_HEADER = YES;
				CLANG_WARN_RANGE_LOOP_ANALYSIS = YES;
				CLANG_WARN_STRICT_PROTOTYPES = YES;
				CLANG_WARN_SUSPICIOUS_MOVE = YES;
				CLANG_WARN_UNGUARDED_AVAILABILITY = YES_AGGRESSIVE;
				CLANG_WARN_UNREACHABLE_CODE = YES;
				CLANG_WARN__DUPLICATE_METHOD_MATCH = YES;
				COPY_PHASE_STRIP = NO;
				DEBUG_INFORMATION_FORMAT = "dwarf-with-dsym";
				ENABLE_NS_ASSERTIONS = NO;
				ENABLE_STRICT_OBJC_MSGSEND = YES;
				GCC_C_LANGUAGE_STANDARD = gnu11;
				GCC_NO_COMMON_BLOCKS = YES;
				GCC_WARN_64_TO_32_BIT_CONVERSION = YES;
				GCC_WARN_ABOUT_RETURN_TYPE = YES_ERROR;
				GCC_WARN_UNDECLARED_SELECTOR = YES;
				GCC_WARN_UNINITIALIZED_AUTOS = YES_AGGRESSIVE;
				GCC_WARN_UNUSED_FUNCTION = YES;
				GCC_WARN_UNUSED_VARIABLE = YES;
				IPHONEOS_DEPLOYMENT_TARGET = 16.4;
				MTL_ENABLE_DEBUG_INFO = NO;
				MTL_FAST_MATH = YES;
				SDKROOT = iphoneos;
				SWIFT_COMPILATION_MODE = wholemodule;
				SWIFT_OPTIMIZATION_LEVEL = "-O";
				VALIDATE_PRODUCT = YES;
			};
			name = Release;
		};
		184F83EC2AE3E19D00F5C59B /* Debug */ = {
			isa = XCBuildConfiguration;
			baseConfigurationReference = A50635CDF74951343D9FCA31 /* Pods-Flowify.debug.xcconfig */;
			buildSettings = {
				ASSETCATALOG_COMPILER_APPICON_NAME = AppIcon;
				ASSETCATALOG_COMPILER_GLOBAL_ACCENT_COLOR_NAME = AccentColor;
				CODE_SIGN_STYLE = Automatic;
				CURRENT_PROJECT_VERSION = 1;
				DEVELOPMENT_TEAM = XNP4T4STQ7;
				GENERATE_INFOPLIST_FILE = YES;
				INFOPLIST_FILE = Flowify/Info.plist;
				INFOPLIST_KEY_UIApplicationSupportsIndirectInputEvents = YES;
				INFOPLIST_KEY_UILaunchStoryboardName = LaunchScreen;
				INFOPLIST_KEY_UIMainStoryboardFile = Main;
				INFOPLIST_KEY_UISupportedInterfaceOrientations_iPad = "UIInterfaceOrientationPortrait UIInterfaceOrientationPortraitUpsideDown UIInterfaceOrientationLandscapeLeft UIInterfaceOrientationLandscapeRight";
				INFOPLIST_KEY_UISupportedInterfaceOrientations_iPhone = "UIInterfaceOrientationPortrait UIInterfaceOrientationLandscapeLeft UIInterfaceOrientationLandscapeRight";
				LD_RUNPATH_SEARCH_PATHS = (
					"$(inherited)",
					"@executable_path/Frameworks",
				);
				MARKETING_VERSION = 1.0;
				PRODUCT_BUNDLE_IDENTIFIER = com.jamv0007.Flowify;
				PRODUCT_NAME = "$(TARGET_NAME)";
				SWIFT_EMIT_LOC_STRINGS = YES;
				SWIFT_VERSION = 5.0;
				TARGETED_DEVICE_FAMILY = "1,2";
			};
			name = Debug;
		};
		184F83ED2AE3E19D00F5C59B /* Release */ = {
			isa = XCBuildConfiguration;
			baseConfigurationReference = D710BF2FB3EE45881DDE0EAD /* Pods-Flowify.release.xcconfig */;
			buildSettings = {
				ASSETCATALOG_COMPILER_APPICON_NAME = AppIcon;
				ASSETCATALOG_COMPILER_GLOBAL_ACCENT_COLOR_NAME = AccentColor;
				CODE_SIGN_STYLE = Automatic;
				CURRENT_PROJECT_VERSION = 1;
				DEVELOPMENT_TEAM = XNP4T4STQ7;
				GENERATE_INFOPLIST_FILE = YES;
				INFOPLIST_FILE = Flowify/Info.plist;
				INFOPLIST_KEY_UIApplicationSupportsIndirectInputEvents = YES;
				INFOPLIST_KEY_UILaunchStoryboardName = LaunchScreen;
				INFOPLIST_KEY_UIMainStoryboardFile = Main;
				INFOPLIST_KEY_UISupportedInterfaceOrientations_iPad = "UIInterfaceOrientationPortrait UIInterfaceOrientationPortraitUpsideDown UIInterfaceOrientationLandscapeLeft UIInterfaceOrientationLandscapeRight";
				INFOPLIST_KEY_UISupportedInterfaceOrientations_iPhone = "UIInterfaceOrientationPortrait UIInterfaceOrientationLandscapeLeft UIInterfaceOrientationLandscapeRight";
				LD_RUNPATH_SEARCH_PATHS = (
					"$(inherited)",
					"@executable_path/Frameworks",
				);
				MARKETING_VERSION = 1.0;
				PRODUCT_BUNDLE_IDENTIFIER = com.jamv0007.Flowify;
				PRODUCT_NAME = "$(TARGET_NAME)";
				SWIFT_EMIT_LOC_STRINGS = YES;
				SWIFT_VERSION = 5.0;
				TARGETED_DEVICE_FAMILY = "1,2";
			};
			name = Release;
		};
/* End XCBuildConfiguration section */

/* Begin XCConfigurationList section */
		184F83D22AE3E19B00F5C59B /* Build configuration list for PBXProject "Flowify" */ = {
			isa = XCConfigurationList;
			buildConfigurations = (
				184F83E92AE3E19D00F5C59B /* Debug */,
				184F83EA2AE3E19D00F5C59B /* Release */,
			);
			defaultConfigurationIsVisible = 0;
			defaultConfigurationName = Release;
		};
		184F83EB2AE3E19D00F5C59B /* Build configuration list for PBXNativeTarget "Flowify" */ = {
			isa = XCConfigurationList;
			buildConfigurations = (
				184F83EC2AE3E19D00F5C59B /* Debug */,
				184F83ED2AE3E19D00F5C59B /* Release */,
			);
			defaultConfigurationIsVisible = 0;
			defaultConfigurationName = Release;
		};
/* End XCConfigurationList section */
	};
	rootObject = 184F83CF2AE3E19B00F5C59B /* Project object */;
}
